// !$*UTF8*$!
{
	archiveVersion = 1;
	classes = {
	};
	objectVersion = 46;
	objects = {

/* Begin PBXBuildFile section */
		FB17B6FF1D662F040066B015 /* AppDelegate.swift in Sources */ = {isa = PBXBuildFile; fileRef = FB17B6FE1D662F040066B015 /* AppDelegate.swift */; };
		FB17B7011D662F040066B015 /* ViewController.swift in Sources */ = {isa = PBXBuildFile; fileRef = FB17B7001D662F040066B015 /* ViewController.swift */; };
		FB17B7041D662F040066B015 /* Main.storyboard in Resources */ = {isa = PBXBuildFile; fileRef = FB17B7021D662F040066B015 /* Main.storyboard */; };
		FB17B7061D662F040066B015 /* Assets.xcassets in Resources */ = {isa = PBXBuildFile; fileRef = FB17B7051D662F040066B015 /* Assets.xcassets */; };
		FB17B7091D662F040066B015 /* LaunchScreen.storyboard in Resources */ = {isa = PBXBuildFile; fileRef = FB17B7071D662F040066B015 /* LaunchScreen.storyboard */; };
		FB17B7111D66F15F0066B015 /* MotionControl.swift in Sources */ = {isa = PBXBuildFile; fileRef = FB17B7101D66F15F0066B015 /* MotionControl.swift */; };
		FB8E7EA91D69E08F00F1BB44 /* GraphView.swift in Sources */ = {isa = PBXBuildFile; fileRef = FB8E7EA81D69E08F00F1BB44 /* GraphView.swift */; };
/* End PBXBuildFile section */

/* Begin PBXFileReference section */
		FB17B6FB1D662F040066B015 /* DeviceMotion.app */ = {isa = PBXFileReference; explicitFileType = wrapper.application; includeInIndex = 0; path = DeviceMotion.app; sourceTree = BUILT_PRODUCTS_DIR; };
		FB17B6FE1D662F040066B015 /* AppDelegate.swift */ = {isa = PBXFileReference; lastKnownFileType = sourcecode.swift; path = AppDelegate.swift; sourceTree = "<group>"; };
		FB17B7001D662F040066B015 /* ViewController.swift */ = {isa = PBXFileReference; lastKnownFileType = sourcecode.swift; path = ViewController.swift; sourceTree = "<group>"; };
		FB17B7031D662F040066B015 /* Base */ = {isa = PBXFileReference; lastKnownFileType = file.storyboard; name = Base; path = Base.lproj/Main.storyboard; sourceTree = "<group>"; };
		FB17B7051D662F040066B015 /* Assets.xcassets */ = {isa = PBXFileReference; lastKnownFileType = folder.assetcatalog; path = Assets.xcassets; sourceTree = "<group>"; };
		FB17B7081D662F040066B015 /* Base */ = {isa = PBXFileReference; lastKnownFileType = file.storyboard; name = Base; path = Base.lproj/LaunchScreen.storyboard; sourceTree = "<group>"; };
		FB17B70A1D662F040066B015 /* Info.plist */ = {isa = PBXFileReference; lastKnownFileType = text.plist.xml; path = Info.plist; sourceTree = "<group>"; };
		FB17B7101D66F15F0066B015 /* MotionControl.swift */ = {isa = PBXFileReference; fileEncoding = 4; lastKnownFileType = sourcecode.swift; path = MotionControl.swift; sourceTree = "<group>"; };
		FB8E7EA81D69E08F00F1BB44 /* GraphView.swift */ = {isa = PBXFileReference; fileEncoding = 4; lastKnownFileType = sourcecode.swift; path = GraphView.swift; sourceTree = "<group>"; };
/* End PBXFileReference section */

/* Begin PBXFrameworksBuildPhase section */
		FB17B6F81D662F040066B015 /* Frameworks */ = {
			isa = PBXFrameworksBuildPhase;
			buildActionMask = 2147483647;
			files = (
			);
			runOnlyForDeploymentPostprocessing = 0;
		};
/* End PBXFrameworksBuildPhase section */

/* Begin PBXGroup section */
		FB17B6F21D662F040066B015 = {
			isa = PBXGroup;
			children = (
				FB17B6FD1D662F040066B015 /* DeviceMotion */,
				FB17B6FC1D662F040066B015 /* Products */,
			);
			sourceTree = "<group>";
		};
		FB17B6FC1D662F040066B015 /* Products */ = {
			isa = PBXGroup;
			children = (
				FB17B6FB1D662F040066B015 /* DeviceMotion.app */,
			);
			name = Products;
			sourceTree = "<group>";
		};
		FB17B6FD1D662F040066B015 /* DeviceMotion */ = {
			isa = PBXGroup;
			children = (
				FB8E7EA81D69E08F00F1BB44 /* GraphView.swift */,
				FB17B6FE1D662F040066B015 /* AppDelegate.swift */,
				FB17B7001D662F040066B015 /* ViewController.swift */,
				FB17B7101D66F15F0066B015 /* MotionControl.swift */,
				FB17B7021D662F040066B015 /* Main.storyboard */,
				FB17B7051D662F040066B015 /* Assets.xcassets */,
				FB17B7071D662F040066B015 /* LaunchScreen.storyboard */,
				FB17B70A1D662F040066B015 /* Info.plist */,
			);
			path = DeviceMotion;
			sourceTree = "<group>";
		};
/* End PBXGroup section */

/* Begin PBXNativeTarget section */
		FB17B6FA1D662F040066B015 /* DeviceMotion */ = {
			isa = PBXNativeTarget;
			buildConfigurationList = FB17B70D1D662F040066B015 /* Build configuration list for PBXNativeTarget "DeviceMotion" */;
			buildPhases = (
				FB17B6F71D662F040066B015 /* Sources */,
				FB17B6F81D662F040066B015 /* Frameworks */,
				FB17B6F91D662F040066B015 /* Resources */,
			);
			buildRules = (
			);
			dependencies = (
			);
			name = DeviceMotion;
			productName = DeviceMotion;
			productReference = FB17B6FB1D662F040066B015 /* DeviceMotion.app */;
			productType = "com.apple.product-type.application";
		};
/* End PBXNativeTarget section */

/* Begin PBXProject section */
		FB17B6F31D662F040066B015 /* Project object */ = {
			isa = PBXProject;
			attributes = {
				LastSwiftUpdateCheck = 0730;
				LastUpgradeCheck = 0730;
				ORGANIZATIONNAME = "Everett Kropf";
				TargetAttributes = {
					FB17B6FA1D662F040066B015 = {
						CreatedOnToolsVersion = 7.3.1;
						DevelopmentTeam = SD9GQSWS49;
					};
				};
			};
			buildConfigurationList = FB17B6F61D662F040066B015 /* Build configuration list for PBXProject "DeviceMotion" */;
			compatibilityVersion = "Xcode 3.2";
			developmentRegion = English;
			hasScannedForEncodings = 0;
			knownRegions = (
				en,
				Base,
			);
			mainGroup = FB17B6F21D662F040066B015;
			productRefGroup = FB17B6FC1D662F040066B015 /* Products */;
			projectDirPath = "";
			projectRoot = "";
			targets = (
				FB17B6FA1D662F040066B015 /* DeviceMotion */,
			);
		};
/* End PBXProject section */

/* Begin PBXResourcesBuildPhase section */
		FB17B6F91D662F040066B015 /* Resources */ = {
			isa = PBXResourcesBuildPhase;
			buildActionMask = 2147483647;
			files = (
				FB17B7091D662F040066B015 /* LaunchScreen.storyboard in Resources */,
				FB17B7061D662F040066B015 /* Assets.xcassets in Resources */,
				FB17B7041D662F040066B015 /* Main.storyboard in Resources */,
			);
			runOnlyForDeploymentPostprocessing = 0;
		};
/* End PBXResourcesBuildPhase section */

/* Begin PBXSourcesBuildPhase section */
		FB17B6F71D662F040066B015 /* Sources */ = {
			isa = PBXSourcesBuildPhase;
			buildActionMask = 2147483647;
			files = (
				FB17B7111D66F15F0066B015 /* MotionControl.swift in Sources */,
				FB17B7011D662F040066B015 /* ViewController.swift in Sources */,
				FB17B6FF1D662F040066B015 /* AppDelegate.swift in Sources */,
				FB8E7EA91D69E08F00F1BB44 /* GraphView.swift in Sources */,
			);
			runOnlyForDeploymentPostprocessing = 0;
		};
/* End PBXSourcesBuildPhase section */

/* Begin PBXVariantGroup section */
		FB17B7021D662F040066B015 /* Main.storyboard */ = {
			isa = PBXVariantGroup;
			children = (
				FB17B7031D662F040066B015 /* Base */,
			);
			name = Main.storyboard;
			sourceTree = "<group>";
		};
		FB17B7071D662F040066B015 /* LaunchScreen.storyboard */ = {
			isa = PBXVariantGroup;
			children = (
				FB17B7081D662F040066B015 /* Base */,
			);
			name = LaunchScreen.storyboard;
			sourceTree = "<group>";
		};
/* End PBXVariantGroup section */

/* Begin XCBuildConfiguration section */
		FB17B70B1D662F040066B015 /* Debug */ = {
			isa = XCBuildConfiguration;
			buildSettings = {
				ALWAYS_SEARCH_USER_PATHS = NO;
				CLANG_ANALYZER_NONNULL = YES;
				CLANG_CXX_LANGUAGE_STANDARD = "gnu++0x";
				CLANG_CXX_LIBRARY = "libc++";
				CLANG_ENABLE_MODULES = YES;
				CLANG_ENABLE_OBJC_ARC = YES;
				CLANG_WARN_BOOL_CONVERSION = YES;
				CLANG_WARN_CONSTANT_CONVERSION = YES;
				CLANG_WARN_DIRECT_OBJC_ISA_USAGE = YES_ERROR;
				CLANG_WARN_EMPTY_BODY = YES;
				CLANG_WARN_ENUM_CONVERSION = YES;
				CLANG_WARN_INT_CONVERSION = YES;
				CLANG_WARN_OBJC_ROOT_CLASS = YES_ERROR;
				CLANG_WARN_UNREACHABLE_CODE = YES;
				CLANG_WARN__DUPLICATE_METHOD_MATCH = YES;
				"CODE_SIGN_IDENTITY[sdk=iphoneos*]" = "iPhone Developer";
				COPY_PHASE_STRIP = NO;
				DEBUG_INFORMATION_FORMAT = dwarf;
				ENABLE_STRICT_OBJC_MSGSEND = YES;
				ENABLE_TESTABILITY = YES;
				GCC_C_LANGUAGE_STANDARD = gnu99;
				GCC_DYNAMIC_NO_PIC = NO;
				GCC_NO_COMMON_BLOCKS = YES;
				GCC_OPTIMIZATION_LEVEL = 0;
				GCC_PREPROCESSOR_DEFINITIONS = (
					"DEBUG=1",
					"$(inherited)",
				);
				GCC_WARN_64_TO_32_BIT_CONVERSION = YES;
				GCC_WARN_ABOUT_RETURN_TYPE = YES_ERROR;
				GCC_WARN_UNDECLARED_SELECTOR = YES;
				GCC_WARN_UNINITIALIZED_AUTOS = YES_AGGRESSIVE;
				GCC_WARN_UNUSED_FUNCTION = YES;
				GCC_WARN_UNUSED_VARIABLE = YES;
				IPHONEOS_DEPLOYMENT_TARGET = 9.3;
				MTL_ENABLE_DEBUG_INFO = YES;
				ONLY_ACTIVE_ARCH = YES;
				SDKROOT = iphoneos;
				SWIFT_OPTIMIZATION_LEVEL = "-Onone";
				TARGETED_DEVICE_FAMILY = "1,2";
			};
			name = Debug;
		};
		FB17B70C1D662F040066B015 /* Release */ = {
			isa = XCBuildConfiguration;
			buildSettings = {
				ALWAYS_SEARCH_USER_PATHS = NO;
				CLANG_ANALYZER_NONNULL = YES;
				CLANG_CXX_LANGUAGE_STANDARD = "gnu++0x";
				CLANG_CXX_LIBRARY = "libc++";
				CLANG_ENABLE_MODULES = YES;
				CLANG_ENABLE_OBJC_ARC = YES;
				CLANG_WARN_BOOL_CONVERSION = YES;
				CLANG_WARN_CONSTANT_CONVERSION = YES;
				CLANG_WARN_DIRECT_OBJC_ISA_USAGE = YES_ERROR;
				CLANG_WARN_EMPTY_BODY = YES;
				CLANG_WARN_ENUM_CONVERSION = YES;
				CLANG_WARN_INT_CONVERSION = YES;
				CLANG_WARN_OBJC_ROOT_CLASS = YES_ERROR;
				CLANG_WARN_UNREACHABLE_CODE = YES;
				CLANG_WARN__DUPLICATE_METHOD_MATCH = YES;
				"CODE_SIGN_IDENTITY[sdk=iphoneos*]" = "iPhone Developer";
				COPY_PHASE_STRIP = NO;
				DEBUG_INFORMATION_FORMAT = "dwarf-with-dsym";
				ENABLE_NS_ASSERTIONS = NO;
				ENABLE_STRICT_OBJC_MSGSEND = YES;
				GCC_C_LANGUAGE_STANDARD = gnu99;
				GCC_NO_COMMON_BLOCKS = YES;
				GCC_WARN_64_TO_32_BIT_CONVERSION = YES;
				GCC_WARN_ABOUT_RETURN_TYPE = YES_ERROR;
				GCC_WARN_UNDECLARED_SELECTOR = YES;
				GCC_WARN_UNINITIALIZED_AUTOS = YES_AGGRESSIVE;
				GCC_WARN_UNUSED_FUNCTION = YES;
				GCC_WARN_UNUSED_VARIABLE = YES;
				IPHONEOS_DEPLOYMENT_TARGET = 9.3;
				MTL_ENABLE_DEBUG_INFO = NO;
				SDKROOT = iphoneos;
				TARGETED_DEVICE_FAMILY = "1,2";
				VALIDATE_PRODUCT = YES;
			};
			name = Release;
		};
		FB17B70E1D662F040066B015 /* Debug */ = {
			isa = XCBuildConfiguration;
			buildSettings = {
				ASSETCATALOG_COMPILER_APPICON_NAME = AppIcon;
				INFOPLIST_FILE = DeviceMotion/Info.plist;
				LD_RUNPATH_SEARCH_PATHS = "$(inherited) @executable_path/Frameworks";
				PRODUCT_BUNDLE_IDENTIFIER = com.LeperSoft.DeviceMotion;
				PRODUCT_NAME = "$(TARGET_NAME)";
			};
			name = Debug;
		};
		FB17B70F1D662F040066B015 /* Release */ = {
			isa = XCBuildConfiguration;
			buildSettings = {
				ASSETCATALOG_COMPILER_APPICON_NAME = AppIcon;
				INFOPLIST_FILE = DeviceMotion/Info.plist;
				LD_RUNPATH_SEARCH_PATHS = "$(inherited) @executable_path/Frameworks";
				PRODUCT_BUNDLE_IDENTIFIER = com.LeperSoft.DeviceMotion;
				PRODUCT_NAME = "$(TARGET_NAME)";
			};
			name = Release;
		};
/* End XCBuildConfiguration section */

/* Begin XCConfigurationList section */
		FB17B6F61D662F040066B015 /* Build configuration list for PBXProject "DeviceMotion" */ = {
			isa = XCConfigurationList;
			buildConfigurations = (
				FB17B70B1D662F040066B015 /* Debug */,
				FB17B70C1D662F040066B015 /* Release */,
			);
			defaultConfigurationIsVisible = 0;
			defaultConfigurationName = Release;
		};
		FB17B70D1D662F040066B015 /* Build configuration list for PBXNativeTarget "DeviceMotion" */ = {
			isa = XCConfigurationList;
			buildConfigurations = (
				FB17B70E1D662F040066B015 /* Debug */,
				FB17B70F1D662F040066B015 /* Release */,
			);
			defaultConfigurationIsVisible = 0;
			defaultConfigurationName = Release;
		};
/* End XCConfigurationList section */
	};
	rootObject = FB17B6F31D662F040066B015 /* Project object */;
}
